
Microsoft Visual Studio Solution File, Format Version 12.00
# Visual Studio Version 17
VisualStudioVersion = 17.5.33516.290
MinimumVisualStudioVersion = 10.0.40219.1
Project("{8BC9CEB8-8B4A-11D0-8D11-00A0C91BC942}") = "basics", "basics\basics.vcxproj", "{8718EFF8-1F7C-4352-9728-03147900132A}"
EndProject
Global
	GlobalSection(SolutionConfigurationPlatforms) = preSolution
		Debug|x64 = Debug|x64
		Debug|x86 = Debug|x86
		Release|x64 = Release|x64
		Release|x86 = Release|x86
	EndGlobalSection
	GlobalSection(ProjectConfigurationPlatforms) = postSolution
		{8718EFF8-1F7C-4352-9728-03147900132A}.Debug|x64.ActiveCfg = Debug|x64
		{8718EFF8-1F7C-4352-9728-03147900132A}.Debug|x64.Build.0 = Debug|x64
		{8718EFF8-1F7C-4352-9728-03147900132A}.Debug|x86.ActiveCfg = Debug|Win32
		{8718EFF8-1F7C-4352-9728-03147900132A}.Debug|x86.Build.0 = Debug|Win32
		{8718EFF8-1F7C-4352-9728-03147900132A}.Release|x64.ActiveCfg = Release|x64
		{8718EFF8-1F7C-4352-9728-03147900132A}.Release|x64.Build.0 = Release|x64
		{8718EFF8-1F7C-4352-9728-03147900132A}.Release|x86.ActiveCfg = Release|Win32
		{8718EFF8-1F7C-4352-9728-03147900132A}.Release|x86.Build.0 = Release|Win32
	EndGlobalSection
	GlobalSection(SolutionProperties) = preSolution
		HideSolutionNode = FALSE
	EndGlobalSection
	GlobalSection(ExtensibilityGlobals) = postSolution
		SolutionGuid = {F77104A0-C603-479E-9AC1-8B66354D2834}
	EndGlobalSection
EndGlobal
