<?xml version="1.0" encoding="utf-8"?>
<Project ToolsVersion="4.0" xmlns="http://schemas.microsoft.com/developer/msbuild/2003">
  <ItemGroup>
    <Filter Include="源文件">
      <UniqueIdentifier>{4FC737F1-C7A5-4376-A066-2A32D752A2FF}</UniqueIdentifier>
      <Extensions>cpp;c;cc;cxx;c++;cppm;ixx;def;odl;idl;hpj;bat;asm;asmx</Extensions>
    </Filter>
    <Filter Include="头文件">
      <UniqueIdentifier>{93995380-89BD-4b04-88EB-625FBE52EBFB}</UniqueIdentifier>
      <Extensions>h;hh;hpp;hxx;h++;hm;inl;inc;ipp;xsd</Extensions>
    </Filter>
    <Filter Include="资源文件">
      <UniqueIdentifier>{67DA6AB6-F800-4c08-8B7A-83BB121AAD01}</UniqueIdentifier>
      <Extensions>rc;ico;cur;bmp;dlg;rc2;rct;bin;rgs;gif;jpg;jpeg;jpe;resx;tiff;tif;png;wav;mfcribbon-ms</Extensions>
    </Filter>
  </ItemGroup>
  <ItemGroup>
    <ClCompile Include="02-变量.cpp">
      <Filter>源文件</Filter>
    </ClCompile>
    <ClCompile Include="01-HelloWorld.cpp">
      <Filter>源文件</Filter>
    </ClCompile>
    <ClCompile Include="03-常量.cpp">
      <Filter>源文件</Filter>
    </ClCompile>
    <ClCompile Include="04-修饰符和数据类型.cpp">
      <Filter>源文件</Filter>
    </ClCompile>
    <ClCompile Include="05-转义字符.cpp">
      <Filter>源文件</Filter>
    </ClCompile>
    <ClCompile Include="06-键盘输入.cpp">
      <Filter>源文件</Filter>
    </ClCompile>
    <ClCompile Include="07-运算符.cpp">
      <Filter>源文件</Filter>
    </ClCompile>
    <ClCompile Include="08-流程结构.cpp">
      <Filter>源文件</Filter>
    </ClCompile>
    <ClCompile Include="09-一维数组.cpp">
      <Filter>源文件</Filter>
    </ClCompile>
    <ClCompile Include="11-二维数组.cpp">
      <Filter>源文件</Filter>
    </ClCompile>
    <ClCompile Include="10-冒泡排序.cpp">
      <Filter>源文件</Filter>
    </ClCompile>
    <ClCompile Include="12-函数定义.cpp">
      <Filter>源文件</Filter>
    </ClCompile>
    <ClCompile Include="13-值传递和引用传递.cpp">
      <Filter>源文件</Filter>
    </ClCompile>
    <ClCompile Include="14-函数声明.cpp">
      <Filter>源文件</Filter>
    </ClCompile>
    <ClCompile Include="15-函数分文件编写.cpp">
      <Filter>源文件</Filter>
    </ClCompile>
    <ClCompile Include="15-swap.cpp">
      <Filter>源文件</Filter>
    </ClCompile>
    <ClCompile Include="16-指针.cpp">
      <Filter>源文件</Filter>
    </ClCompile>
    <ClCompile Include="17-空指针和野指针.cpp">
      <Filter>源文件</Filter>
    </ClCompile>
  </ItemGroup>
  <ItemGroup>
    <ClInclude Include="swap.h">
      <Filter>头文件</Filter>
    </ClInclude>
  </ItemGroup>
</Project>