<?xml version="1.0" encoding="utf-8"?>
<Project ToolsVersion="4.0" xmlns="http://schemas.microsoft.com/developer/msbuild/2003">
  <ItemGroup>
    <Filter Include="源文件">
      <UniqueIdentifier>{4FC737F1-C7A5-4376-A066-2A32D752A2FF}</UniqueIdentifier>
      <Extensions>cpp;c;cc;cxx;c++;cppm;ixx;def;odl;idl;hpj;bat;asm;asmx</Extensions>
    </Filter>
    <Filter Include="头文件">
      <UniqueIdentifier>{93995380-89BD-4b04-88EB-625FBE52EBFB}</UniqueIdentifier>
      <Extensions>h;hh;hpp;hxx;h++;hm;inl;inc;ipp;xsd</Extensions>
    </Filter>
    <Filter Include="资源文件">
      <UniqueIdentifier>{67DA6AB6-F800-4c08-8B7A-83BB121AAD01}</UniqueIdentifier>
      <Extensions>rc;ico;cur;bmp;dlg;rc2;rct;bin;rgs;gif;jpg;jpeg;jpe;resx;tiff;tif;png;wav;mfcribbon-ms</Extensions>
    </Filter>
  </ItemGroup>
  <ItemGroup>
    <ClCompile Include="01-全局区.cpp">
      <Filter>源文件</Filter>
    </ClCompile>
    <ClCompile Include="02-栈区.cpp">
      <Filter>源文件</Filter>
    </ClCompile>
    <ClCompile Include="03-堆区.cpp">
      <Filter>源文件</Filter>
    </ClCompile>
    <ClCompile Include="04-引用.cpp">
      <Filter>源文件</Filter>
    </ClCompile>
    <ClCompile Include="05-引用做函数参数.cpp">
      <Filter>源文件</Filter>
    </ClCompile>
    <ClCompile Include="06-引用做函数返回值.cpp">
      <Filter>源文件</Filter>
    </ClCompile>
    <ClCompile Include="07-函数参数默认值.cpp">
      <Filter>源文件</Filter>
    </ClCompile>
    <ClCompile Include="08-函数重载.cpp">
      <Filter>源文件</Filter>
    </ClCompile>
    <ClCompile Include="09-函数重载注意事项.cpp">
      <Filter>源文件</Filter>
    </ClCompile>
    <ClCompile Include="10-类.cpp">
      <Filter>源文件</Filter>
    </ClCompile>
    <ClCompile Include="11-访问权限.cpp">
      <Filter>源文件</Filter>
    </ClCompile>
    <ClCompile Include="12-构造函数和析构函数.cpp">
      <Filter>源文件</Filter>
    </ClCompile>
    <ClCompile Include="13-初始化列表.cpp">
      <Filter>源文件</Filter>
    </ClCompile>
    <ClCompile Include="14-静态成员.cpp">
      <Filter>源文件</Filter>
    </ClCompile>
    <ClCompile Include="15-const修饰成员函数.cpp">
      <Filter>源文件</Filter>
    </ClCompile>
    <ClCompile Include="16-全局函数友元.cpp">
      <Filter>源文件</Filter>
    </ClCompile>
    <ClCompile Include="17-类友元.cpp">
      <Filter>源文件</Filter>
    </ClCompile>
    <ClCompile Include="18-成员函数友元.cpp">
      <Filter>源文件</Filter>
    </ClCompile>
    <ClCompile Include="19-加号运算符重载.cpp">
      <Filter>源文件</Filter>
    </ClCompile>
    <ClCompile Include="20-左移运算符重载.cpp">
      <Filter>源文件</Filter>
    </ClCompile>
    <ClCompile Include="21-递增运算符重载.cpp">
      <Filter>源文件</Filter>
    </ClCompile>
    <ClCompile Include="22-赋值运算符重载.cpp">
      <Filter>源文件</Filter>
    </ClCompile>
    <ClCompile Include="23-关系运算符重载.cpp">
      <Filter>源文件</Filter>
    </ClCompile>
    <ClCompile Include="24-仿函数运算符重载.cpp">
      <Filter>源文件</Filter>
    </ClCompile>
    <ClCompile Include="25-多态.cpp">
      <Filter>源文件</Filter>
    </ClCompile>
    <ClCompile Include="26-多态-计算器案列.cpp">
      <Filter>源文件</Filter>
    </ClCompile>
    <ClCompile Include="27-纯虚函数.cpp">
      <Filter>源文件</Filter>
    </ClCompile>
    <ClCompile Include="28-虚析构和纯虚析构.cpp">
      <Filter>源文件</Filter>
    </ClCompile>
    <ClCompile Include="29-IO.cpp">
      <Filter>源文件</Filter>
    </ClCompile>
  </ItemGroup>
</Project>